{
  "version": 4,
  "terraform_version": "1.10.0",
  "serial": 36,
  "lineage": "42da0a55-9c93-5a4a-8848-0487586e333c",
  "outputs": {
    "local_k8s_cluster": {
      "value": "K3s Kubernetes cluster is up and running locally.",
      "type": "string"
    },
    "minikube_installed": {
      "value": "Minikube is installed and running!",
      "type": "string"
    },
    "namespace": {
      "value": "kube-practice",
      "type": "string"
    },
    "service": {
      "value": "practice-app-service",
      "type": "string"
    }
  },
  "resources": [
    {
      "mode": "managed",
      "type": "null_resource",
      "name": "install_minikube",
      "provider": "provider[\"registry.terraform.io/hashicorp/null\"]",
      "instances": [
        {
          "schema_version": 0,
          "attributes": {
            "id": "1194052953937961440",
            "triggers": {
              "cluster_version": "1.25.0"
            }
          },
          "sensitive_attributes": []
        }
      ]
    },
    {
      "module": "module.kubernetes",
      "mode": "managed",
      "type": "kubernetes_service",
      "name": "practice_app_service",
      "provider": "provider[\"registry.terraform.io/hashicorp/kubernetes\"]",
      "instances": [
        {
          "schema_version": 1,
          "attributes": {
            "id": "kube-practice/practice-app-service",
            "metadata": [
              {
                "annotations": {},
                "generate_name": "",
                "generation": 0,
                "labels": {},
                "name": "practice-app-service",
                "namespace": "kube-practice",
                "resource_version": "767",
                "uid": "9e7204d4-466d-4d18-8182-a7cd6b149435"
              }
            ],
            "spec": [
              {
                "allocate_load_balancer_node_ports": true,
                "cluster_ip": "10.108.19.120",
                "cluster_ips": [
                  "10.108.19.120"
                ],
                "external_ips": [],
                "external_name": "",
                "external_traffic_policy": "Cluster",
                "health_check_node_port": 0,
                "internal_traffic_policy": "Cluster",
                "ip_families": [
                  "IPv4"
                ],
                "ip_family_policy": "SingleStack",
                "load_balancer_class": "",
                "load_balancer_ip": "",
                "load_balancer_source_ranges": [],
                "port": [
                  {
                    "app_protocol": "",
                    "name": "",
                    "node_port": 31877,
                    "port": 80,
                    "protocol": "TCP",
                    "target_port": "80"
                  }
                ],
                "publish_not_ready_addresses": false,
                "selector": {
                  "app": "practice-app"
                },
                "session_affinity": "None",
                "session_affinity_config": [],
                "type": "NodePort"
              }
            ],
            "status": [
              {
                "load_balancer": [
                  {
                    "ingress": []
                  }
                ]
              }
            ],
            "timeouts": null,
            "wait_for_load_balancer": true
          },
          "sensitive_attributes": [],
          "private": "eyJlMmJmYjczMC1lY2FhLTExZTYtOGY4OC0zNDM2M2JjN2M0YzAiOnsiY3JlYXRlIjo2MDAwMDAwMDAwMDB9LCJzY2hlbWFfdmVyc2lvbiI6IjEifQ==",
          "dependencies": [
            "module.kubernetes.kubernetes_namespace.practice"
          ]
        }
      ]
    }
  ],
  "check_results": null
}
